
Microsoft Visual Studio Solution File, Format Version 11.00
# Visual Studio 2010
Project("{8BC9CEB8-8B4A-11D0-8D11-00A0C91BC942}") = "lib-tlali-osm", "lib-tlali-osm\lib-tlali-osm.vcxproj", "{7D3D86B3-E990-4405-B83A-009C6AC9544F}"
EndProject
Project("{8BC9CEB8-8B4A-11D0-8D11-00A0C91BC942}") = "tests-tlali-osm-win", "tests-tlali-osm-win\tests-tlali-osm-win.vcxproj", "{DAF1B53D-B647-4224-82E9-3DCE9516A2CF}"
	ProjectSection(ProjectDependencies) = postProject
		{7D3D86B3-E990-4405-B83A-009C6AC9544F} = {7D3D86B3-E990-4405-B83A-009C6AC9544F}
	EndProjectSection
EndProject
Global
	GlobalSection(SolutionConfigurationPlatforms) = preSolution
		Debug|Win32 = Debug|Win32
		Release|Win32 = Release|Win32
	EndGlobalSection
	GlobalSection(ProjectConfigurationPlatforms) = postSolution
		{7D3D86B3-E990-4405-B83A-009C6AC9544F}.Debug|Win32.ActiveCfg = Debug|Win32
		{7D3D86B3-E990-4405-B83A-009C6AC9544F}.Debug|Win32.Build.0 = Debug|Win32
		{7D3D86B3-E990-4405-B83A-009C6AC9544F}.Release|Win32.ActiveCfg = Release|Win32
		{7D3D86B3-E990-4405-B83A-009C6AC9544F}.Release|Win32.Build.0 = Release|Win32
		{DAF1B53D-B647-4224-82E9-3DCE9516A2CF}.Debug|Win32.ActiveCfg = Debug|Win32
		{DAF1B53D-B647-4224-82E9-3DCE9516A2CF}.Debug|Win32.Build.0 = Debug|Win32
		{DAF1B53D-B647-4224-82E9-3DCE9516A2CF}.Release|Win32.ActiveCfg = Release|Win32
		{DAF1B53D-B647-4224-82E9-3DCE9516A2CF}.Release|Win32.Build.0 = Release|Win32
	EndGlobalSection
	GlobalSection(SolutionProperties) = preSolution
		HideSolutionNode = FALSE
	EndGlobalSection
EndGlobal
